
Microsoft Visual Studio Solution File, Format Version 12.00
Project("{FAE04EC0-301F-11D3-BF4B-00C04F79EFBC}") = "Tracker.Web", "Tracker.Web\Tracker.Web.csproj", "{43B53F07-B0F0-427F-964F-C3363A52817E}"
EndProject
Project("{FAE04EC0-301F-11D3-BF4B-00C04F79EFBC}") = "Tracker.Roles", "Tracker.Roles\Tracker.Roles.csproj", "{59740000-94C8-4D37-88F5-3F2126E3C83F}"
EndProject
Project("{FAE04EC0-301F-11D3-BF4B-00C04F79EFBC}") = "Tracker.Db", "Tracker.Db\Tracker.Db.csproj", "{AEC91FDC-5848-4A3C-B08B-BEF8C9C307C4}"
EndProject
Project("{FAE04EC0-301F-11D3-BF4B-00C04F79EFBC}") = "Tracker.Users", "Tracker.Users\Tracker.Users.csproj", "{9054D930-A6A1-4EF9-B165-620246D26974}"
EndProject
Project("{FAE04EC0-301F-11D3-BF4B-00C04F79EFBC}") = "Tracker.Analytics", "Tracker.Analytics\Tracker.Analytics.csproj", "{B8509980-83F0-4EFE-B00E-3E06A59732D1}"
EndProject
Project("{FAE04EC0-301F-11D3-BF4B-00C04F79EFBC}") = "Tracker.Instructions", "Tracker.Instructions\Tracker.Instructions.csproj", "{3AE8EF62-5FCF-4C96-8711-124C46B3D12D}"
EndProject
Project("{2150E333-8FDC-42A3-9474-1A3956D46DE8}") = "Tests", "Tests", "{750E8E79-A193-4952-8DF5-2D95C40D5AC8}"
EndProject
Project("{FAE04EC0-301F-11D3-BF4B-00C04F79EFBC}") = "Tracker.UnitTests", "Tracker.UnitTests\Tracker.UnitTests.csproj", "{E24AE00A-7F03-49AE-83B5-7EFDCDE1E2C8}"
EndProject
Project("{FAE04EC0-301F-11D3-BF4B-00C04F79EFBC}") = "Tracker.IntegrationTests", "Tracker.IntegrationTests\Tracker.IntegrationTests.csproj", "{FC309FDD-6214-4747-A4F2-7D2FE29C8C2A}"
EndProject
Project("{FAE04EC0-301F-11D3-BF4B-00C04F79EFBC}") = "Tracker.Audit", "Tracker.Audit\Tracker.Audit.csproj", "{A4CE9A43-3F7E-4563-8484-A068DBAF5CB0}"
EndProject
Project("{FAE04EC0-301F-11D3-BF4B-00C04F79EFBC}") = "Tracker.IntegrationTests.Docker", "Tracker.IntegrationTests.Docker\Tracker.IntegrationTests.Docker.csproj", "{C961D2CF-3D99-4FF6-B315-D9B1EC27EFD9}"
EndProject
Project("{FAE04EC0-301F-11D3-BF4B-00C04F79EFBC}") = "Tracker.Gateway", "Tracker.Gateway\Tracker.Gateway.csproj", "{A9263B77-4B03-4409-B44F-4978808F267D}"
EndProject
Project("{2150E333-8FDC-42A3-9474-1A3956D46DE8}") = "Tracker.Users", "Tracker.Users", "{03BB1677-C9D5-4975-B9F3-514F4A1AA732}"
EndProject
Global
	GlobalSection(SolutionConfigurationPlatforms) = preSolution
		Debug|Any CPU = Debug|Any CPU
		Release|Any CPU = Release|Any CPU
	EndGlobalSection
	GlobalSection(ProjectConfigurationPlatforms) = postSolution
		{43B53F07-B0F0-427F-964F-C3363A52817E}.Debug|Any CPU.ActiveCfg = Debug|Any CPU
		{43B53F07-B0F0-427F-964F-C3363A52817E}.Debug|Any CPU.Build.0 = Debug|Any CPU
		{43B53F07-B0F0-427F-964F-C3363A52817E}.Release|Any CPU.ActiveCfg = Release|Any CPU
		{43B53F07-B0F0-427F-964F-C3363A52817E}.Release|Any CPU.Build.0 = Release|Any CPU
		{59740000-94C8-4D37-88F5-3F2126E3C83F}.Debug|Any CPU.ActiveCfg = Debug|Any CPU
		{59740000-94C8-4D37-88F5-3F2126E3C83F}.Debug|Any CPU.Build.0 = Debug|Any CPU
		{59740000-94C8-4D37-88F5-3F2126E3C83F}.Release|Any CPU.ActiveCfg = Release|Any CPU
		{59740000-94C8-4D37-88F5-3F2126E3C83F}.Release|Any CPU.Build.0 = Release|Any CPU
		{AEC91FDC-5848-4A3C-B08B-BEF8C9C307C4}.Debug|Any CPU.ActiveCfg = Debug|Any CPU
		{AEC91FDC-5848-4A3C-B08B-BEF8C9C307C4}.Debug|Any CPU.Build.0 = Debug|Any CPU
		{AEC91FDC-5848-4A3C-B08B-BEF8C9C307C4}.Release|Any CPU.ActiveCfg = Release|Any CPU
		{AEC91FDC-5848-4A3C-B08B-BEF8C9C307C4}.Release|Any CPU.Build.0 = Release|Any CPU
		{9054D930-A6A1-4EF9-B165-620246D26974}.Debug|Any CPU.ActiveCfg = Debug|Any CPU
		{9054D930-A6A1-4EF9-B165-620246D26974}.Debug|Any CPU.Build.0 = Debug|Any CPU
		{9054D930-A6A1-4EF9-B165-620246D26974}.Release|Any CPU.ActiveCfg = Release|Any CPU
		{9054D930-A6A1-4EF9-B165-620246D26974}.Release|Any CPU.Build.0 = Release|Any CPU
		{B8509980-83F0-4EFE-B00E-3E06A59732D1}.Debug|Any CPU.ActiveCfg = Debug|Any CPU
		{B8509980-83F0-4EFE-B00E-3E06A59732D1}.Debug|Any CPU.Build.0 = Debug|Any CPU
		{B8509980-83F0-4EFE-B00E-3E06A59732D1}.Release|Any CPU.ActiveCfg = Release|Any CPU
		{B8509980-83F0-4EFE-B00E-3E06A59732D1}.Release|Any CPU.Build.0 = Release|Any CPU
		{3AE8EF62-5FCF-4C96-8711-124C46B3D12D}.Debug|Any CPU.ActiveCfg = Debug|Any CPU
		{3AE8EF62-5FCF-4C96-8711-124C46B3D12D}.Debug|Any CPU.Build.0 = Debug|Any CPU
		{3AE8EF62-5FCF-4C96-8711-124C46B3D12D}.Release|Any CPU.ActiveCfg = Release|Any CPU
		{3AE8EF62-5FCF-4C96-8711-124C46B3D12D}.Release|Any CPU.Build.0 = Release|Any CPU
		{E24AE00A-7F03-49AE-83B5-7EFDCDE1E2C8}.Debug|Any CPU.ActiveCfg = Debug|Any CPU
		{E24AE00A-7F03-49AE-83B5-7EFDCDE1E2C8}.Debug|Any CPU.Build.0 = Debug|Any CPU
		{E24AE00A-7F03-49AE-83B5-7EFDCDE1E2C8}.Release|Any CPU.ActiveCfg = Release|Any CPU
		{E24AE00A-7F03-49AE-83B5-7EFDCDE1E2C8}.Release|Any CPU.Build.0 = Release|Any CPU
		{FC309FDD-6214-4747-A4F2-7D2FE29C8C2A}.Debug|Any CPU.ActiveCfg = Debug|Any CPU
		{FC309FDD-6214-4747-A4F2-7D2FE29C8C2A}.Debug|Any CPU.Build.0 = Debug|Any CPU
		{FC309FDD-6214-4747-A4F2-7D2FE29C8C2A}.Release|Any CPU.ActiveCfg = Release|Any CPU
		{FC309FDD-6214-4747-A4F2-7D2FE29C8C2A}.Release|Any CPU.Build.0 = Release|Any CPU
		{A4CE9A43-3F7E-4563-8484-A068DBAF5CB0}.Debug|Any CPU.ActiveCfg = Debug|Any CPU
		{A4CE9A43-3F7E-4563-8484-A068DBAF5CB0}.Debug|Any CPU.Build.0 = Debug|Any CPU
		{A4CE9A43-3F7E-4563-8484-A068DBAF5CB0}.Release|Any CPU.ActiveCfg = Release|Any CPU
		{A4CE9A43-3F7E-4563-8484-A068DBAF5CB0}.Release|Any CPU.Build.0 = Release|Any CPU
		{C961D2CF-3D99-4FF6-B315-D9B1EC27EFD9}.Debug|Any CPU.ActiveCfg = Debug|Any CPU
		{C961D2CF-3D99-4FF6-B315-D9B1EC27EFD9}.Debug|Any CPU.Build.0 = Debug|Any CPU
		{C961D2CF-3D99-4FF6-B315-D9B1EC27EFD9}.Release|Any CPU.ActiveCfg = Release|Any CPU
		{C961D2CF-3D99-4FF6-B315-D9B1EC27EFD9}.Release|Any CPU.Build.0 = Release|Any CPU
		{A9263B77-4B03-4409-B44F-4978808F267D}.Debug|Any CPU.ActiveCfg = Debug|Any CPU
		{A9263B77-4B03-4409-B44F-4978808F267D}.Debug|Any CPU.Build.0 = Debug|Any CPU
		{A9263B77-4B03-4409-B44F-4978808F267D}.Release|Any CPU.ActiveCfg = Release|Any CPU
		{A9263B77-4B03-4409-B44F-4978808F267D}.Release|Any CPU.Build.0 = Release|Any CPU
	EndGlobalSection
	GlobalSection(NestedProjects) = preSolution
		{E24AE00A-7F03-49AE-83B5-7EFDCDE1E2C8} = {750E8E79-A193-4952-8DF5-2D95C40D5AC8}
		{FC309FDD-6214-4747-A4F2-7D2FE29C8C2A} = {750E8E79-A193-4952-8DF5-2D95C40D5AC8}
		{C961D2CF-3D99-4FF6-B315-D9B1EC27EFD9} = {750E8E79-A193-4952-8DF5-2D95C40D5AC8}
		{AEC91FDC-5848-4A3C-B08B-BEF8C9C307C4} = {03BB1677-C9D5-4975-B9F3-514F4A1AA732}
		{59740000-94C8-4D37-88F5-3F2126E3C83F} = {03BB1677-C9D5-4975-B9F3-514F4A1AA732}
		{9054D930-A6A1-4EF9-B165-620246D26974} = {03BB1677-C9D5-4975-B9F3-514F4A1AA732}
		{43B53F07-B0F0-427F-964F-C3363A52817E} = {03BB1677-C9D5-4975-B9F3-514F4A1AA732}
	EndGlobalSection
EndGlobal
